{
  "version": 4,
  "terraform_version": "1.2.3",
  "serial": 3,
  "lineage": "2e6b7ecb-8aa5-66c2-0f5d-d27eab1c3789",
  "outputs": {
    "external_ip_address_vm-1_yandex_cloud": {
      "value": "51.250.91.219",
      "type": "string"
    },
    "internal_ip_address_vm-1_yandex_cloud": {
      "value": "10.128.0.21",
      "type": "string"
    }
  },
  "resources": [
    {
      "mode": "managed",
      "type": "yandex_compute_image",
      "name": "ubuntu-image",
      "provider": "provider[\"registry.terraform.io/yandex-cloud/yandex\"]",
      "instances": [
        {
          "schema_version": 0,
          "attributes": {
            "created_at": "2022-07-13T09:53:08Z",
            "description": "",
            "family": "",
            "folder_id": "b1gh99qee3dqi4r48nb0",
            "id": "fd8oh9vejp2dvnckhs3f",
            "labels": null,
            "min_disk_size": 5,
            "name": "my-ubuntu-image",
            "os_type": null,
            "pooled": false,
            "product_ids": [
              "f2eu4hp2k4r04d1usuh3"
            ],
            "size": 4,
            "source_disk": null,
            "source_family": null,
            "source_image": "fd8f1tik9a7ap9ik2dg1",
            "source_snapshot": null,
            "source_url": null,
            "status": "ready",
            "timeouts": null
          },
          "sensitive_attributes": [],
          "private": "eyJlMmJmYjczMC1lY2FhLTExZTYtOGY4OC0zNDM2M2JjN2M0YzAiOnsiY3JlYXRlIjozMDAwMDAwMDAwMDAsImRlbGV0ZSI6MzAwMDAwMDAwMDAwLCJ1cGRhdGUiOjMwMDAwMDAwMDAwMH19"
        }
      ]
    },
    {
      "mode": "managed",
      "type": "yandex_compute_instance",
      "name": "vm-1",
      "provider": "provider[\"registry.terraform.io/yandex-cloud/yandex\"]",
      "instances": [
        {
          "schema_version": 1,
          "attributes": {
            "allow_recreate": null,
            "allow_stopping_for_update": null,
            "boot_disk": [
              {
                "auto_delete": true,
                "device_name": "fhmq0hsu9e62gbt32r2k",
                "disk_id": "fhmq0hsu9e62gbt32r2k",
                "initialize_params": [
                  {
                    "block_size": 4096,
                    "description": "",
                    "image_id": "fd8oh9vejp2dvnckhs3f",
                    "name": "root-vm-1",
                    "size": 50,
                    "snapshot_id": "",
                    "type": "network-ssd"
                  }
                ],
                "mode": "READ_WRITE"
              }
            ],
            "created_at": "2022-07-13T09:53:19Z",
            "description": "First test instance",
            "folder_id": "b1gh99qee3dqi4r48nb0",
            "fqdn": "vm-1.ru-central1.internal",
            "hostname": "vm-1",
            "id": "fhm2qqnt57i7nb4akbe4",
            "labels": null,
            "local_disk": [],
            "metadata": {
              "ssh-keys": "ubuntu:ssh-rsa AAAAB3NzaC1yc2EAAAADAQABAAABgQDI/vPfmIh7EOplOLhVkgqXYiq+vJbTZH4KmtIhpOd2evgh8v19dD5kFsTnIYzGIPaoVUhsnY32g5ACJnIOwzejBwxqQejbimD6839ZfUOLEqlXSU5NIpzFTl/T9Q6BX1BKtnWX9At0ua+emdo2T2WMCnBypc0iJwyPzddes90kgHSM9INIHzzNu4nAlSiAb7awCxEwLc7sG+UfjTY42JkUf/lPTSL0pRl66mOd68vjqYZ0mL28GKXQ6ButP9rHNB7MLupqBxp8suajsv2QsSH92kNkxECqTs0nodVEsVAP/gBKOpknyMxAvPiQRUfRIPlO0+qDFY212gN2vjYVoUkog6h+h01Ff2V7A9/QyQSEK07Kq0MLEd50XUbvCJVVGh8tMKQaRDlnxQY/zoA/j52tdnSn1GT6xOQsUtBXGsaxe+z/eh4FzccDjzZ9Eecgt+LELN1c/rFxKsmH3RZ5QMxIJNw7mCGutKhJM3Q/s7dZ0g7yI5ScX0QcINB9WuqZwyE= dimka@dmhome\n"
            },
            "name": "terraform1",
            "network_acceleration_type": "standard",
            "network_interface": [
              {
                "dns_record": [],
                "index": 0,
                "ip_address": "10.128.0.21",
                "ipv4": true,
                "ipv6": false,
                "ipv6_address": "",
                "ipv6_dns_record": [],
                "mac_address": "d0:0d:2d:6a:fd:29",
                "nat": true,
                "nat_dns_record": [],
                "nat_ip_address": "51.250.91.219",
                "nat_ip_version": "IPV4",
                "security_group_ids": [],
                "subnet_id": "e9b17r3b387ge21o7rd2"
              }
            ],
            "placement_policy": [
              {
                "host_affinity_rules": [],
                "placement_group_id": ""
              }
            ],
            "platform_id": "standard-v1",
            "resources": [
              {
                "core_fraction": 5,
                "cores": 2,
                "gpus": 0,
                "memory": 2
              }
            ],
            "scheduling_policy": [
              {
                "preemptible": false
              }
            ],
            "secondary_disk": [],
            "service_account_id": "",
            "status": "running",
            "timeouts": null,
            "zone": "ru-central1-a"
          },
          "sensitive_attributes": [],
          "private": "eyJlMmJmYjczMC1lY2FhLTExZTYtOGY4OC0zNDM2M2JjN2M0YzAiOnsiY3JlYXRlIjozMDAwMDAwMDAwMDAsImRlbGV0ZSI6MzAwMDAwMDAwMDAwLCJ1cGRhdGUiOjMwMDAwMDAwMDAwMH0sInNjaGVtYV92ZXJzaW9uIjoiMSJ9",
          "dependencies": [
            "yandex_compute_image.ubuntu-image"
          ]
        }
      ]
    }
  ]
}
